// !$*UTF8*$!
{
	archiveVersion = 1;
	classes = {
	};
	objectVersion = 77;
	objects = {

/* Begin PBXBuildFile section */
		1804CEB92E245F4200D80D2E /* NewsDetailView.swift in Sources */ = {isa = PBXBuildFile; fileRef = 1804CEB82E245F4200D80D2E /* NewsDetailView.swift */; };
		1804CEBC2E24699D00D80D2E /* NewsStorageService.swift in Sources */ = {isa = PBXBuildFile; fileRef = 1804CEBB2E24699D00D80D2E /* NewsStorageService.swift */; };
		1804CEBF2E2469DA00D80D2E /* ArticleModel.swift in Sources */ = {isa = PBXBuildFile; fileRef = 1804CEBE2E2469DA00D80D2E /* ArticleModel.swift */; };
		1804CEC52E246EF300D80D2E /* Model.xcdatamodeld in Sources */ = {isa = PBXBuildFile; fileRef = 1804CEC32E246EF300D80D2E /* Model.xcdatamodeld */; };
		1831B6102E36DC3F0000228C /* RxSwift in Frameworks */ = {isa = PBXBuildFile; productRef = 1831B60F2E36DC3F0000228C /* RxSwift */; };
		1831B6122E36DCF60000228C /* RxCocoa in Frameworks */ = {isa = PBXBuildFile; productRef = 1831B6112E36DCF60000228C /* RxCocoa */; };
		1831B6142E36E1050000228C /* RxNewsViewModelAdapter.swift in Sources */ = {isa = PBXBuildFile; fileRef = 1831B6132E36E1050000228C /* RxNewsViewModelAdapter.swift */; };
		1831B6182E36E2050000228C /* LocalizedErrorWrapper.swift in Sources */ = {isa = PBXBuildFile; fileRef = 1831B6172E36E2050000228C /* LocalizedErrorWrapper.swift */; };
		1867ADD62E3ADFB800929981 /* Untitled.swift in Sources */ = {isa = PBXBuildFile; fileRef = 1867ADD52E3ADFB700929981 /* Untitled.swift */; };
		187124E02E2BB86600549E4C /* FavouriteNewsListView.swift in Sources */ = {isa = PBXBuildFile; fileRef = 187124DF2E2BB86600549E4C /* FavouriteNewsListView.swift */; };
		187124E22E2BBC7900549E4C /* FavouriteNewsViewModel.swift in Sources */ = {isa = PBXBuildFile; fileRef = 187124E12E2BBC7900549E4C /* FavouriteNewsViewModel.swift */; };
		187124E42E2BC05F00549E4C /* ArticleEntity+Mapping.swift in Sources */ = {isa = PBXBuildFile; fileRef = 187124E32E2BC05F00549E4C /* ArticleEntity+Mapping.swift */; };
		188C48C32E22FFB90084A52A /* NewsListView.swift in Sources */ = {isa = PBXBuildFile; fileRef = 188C48C22E22FFB90084A52A /* NewsListView.swift */; };
		188C48C62E2305060084A52A /* NewsRepository.swift in Sources */ = {isa = PBXBuildFile; fileRef = 188C48C52E2305060084A52A /* NewsRepository.swift */; };
		188C48CA2E2320A20084A52A /* NewsReponse.swift in Sources */ = {isa = PBXBuildFile; fileRef = 188C48C92E2320A20084A52A /* NewsReponse.swift */; };
		188C48CC2E2320B90084A52A /* Article.swift in Sources */ = {isa = PBXBuildFile; fileRef = 188C48CB2E2320B90084A52A /* Article.swift */; };
		188C48CE2E2320D50084A52A /* Source.swift in Sources */ = {isa = PBXBuildFile; fileRef = 188C48CD2E2320D50084A52A /* Source.swift */; };
		1896570A2E255657003347E1 /* ArticleEntity+CoreDataClass.swift in Sources */ = {isa = PBXBuildFile; fileRef = 189657082E255657003347E1 /* ArticleEntity+CoreDataClass.swift */; };
		1896570B2E255657003347E1 /* ArticleEntity+CoreDataProperties.swift in Sources */ = {isa = PBXBuildFile; fileRef = 189657092E255657003347E1 /* ArticleEntity+CoreDataProperties.swift */; };
		18AD085E2E2424FE000BE5E3 /* NewsViewModel.swift in Sources */ = {isa = PBXBuildFile; fileRef = 18AD085D2E2424FE000BE5E3 /* NewsViewModel.swift */; };
		18B8760A2E3A798B00A1045C /* .gitignore in Resources */ = {isa = PBXBuildFile; fileRef = 18B876092E3A798700A1045C /* .gitignore */; };
		18B8760C2E3A79C300A1045C /* Secrets.xcconfig in Resources */ = {isa = PBXBuildFile; fileRef = 18B8760B2E3A79B600A1045C /* Secrets.xcconfig */; };
		18E491532E25B671008AA076 /* NewsDetailsViewModel.swift in Sources */ = {isa = PBXBuildFile; fileRef = 18E491522E25B671008AA076 /* NewsDetailsViewModel.swift */; };
/* End PBXBuildFile section */

/* Begin PBXContainerItemProxy section */
		188C48A42E22FE710084A52A /* PBXContainerItemProxy */ = {
			isa = PBXContainerItemProxy;
			containerPortal = 188C488B2E22FE700084A52A /* Project object */;
			proxyType = 1;
			remoteGlobalIDString = 188C48922E22FE700084A52A;
			remoteInfo = news_app;
		};
		188C48AE2E22FE710084A52A /* PBXContainerItemProxy */ = {
			isa = PBXContainerItemProxy;
			containerPortal = 188C488B2E22FE700084A52A /* Project object */;
			proxyType = 1;
			remoteGlobalIDString = 188C48922E22FE700084A52A;
			remoteInfo = news_app;
		};
/* End PBXContainerItemProxy section */

/* Begin PBXFileReference section */
		1804CEB82E245F4200D80D2E /* NewsDetailView.swift */ = {isa = PBXFileReference; lastKnownFileType = sourcecode.swift; path = NewsDetailView.swift; sourceTree = "<group>"; };
		1804CEBB2E24699D00D80D2E /* NewsStorageService.swift */ = {isa = PBXFileReference; lastKnownFileType = sourcecode.swift; path = NewsStorageService.swift; sourceTree = "<group>"; };
		1804CEBE2E2469DA00D80D2E /* ArticleModel.swift */ = {isa = PBXFileReference; lastKnownFileType = sourcecode.swift; path = ArticleModel.swift; sourceTree = "<group>"; };
		1804CEC42E246EF300D80D2E /* Model.xcdatamodel */ = {isa = PBXFileReference; lastKnownFileType = wrapper.xcdatamodel; path = Model.xcdatamodel; sourceTree = "<group>"; };
		1831B6132E36E1050000228C /* RxNewsViewModelAdapter.swift */ = {isa = PBXFileReference; lastKnownFileType = sourcecode.swift; path = RxNewsViewModelAdapter.swift; sourceTree = "<group>"; };
		1831B6172E36E2050000228C /* LocalizedErrorWrapper.swift */ = {isa = PBXFileReference; lastKnownFileType = sourcecode.swift; path = LocalizedErrorWrapper.swift; sourceTree = "<group>"; };
		1867ADD12E3ACFE100929981 /* Info.plist */ = {isa = PBXFileReference; lastKnownFileType = text.plist.xml; path = Info.plist; sourceTree = "<group>"; };
		1867ADD52E3ADFB700929981 /* Untitled.swift */ = {isa = PBXFileReference; lastKnownFileType = sourcecode.swift; path = Untitled.swift; sourceTree = "<group>"; };
		187124DF2E2BB86600549E4C /* FavouriteNewsListView.swift */ = {isa = PBXFileReference; lastKnownFileType = sourcecode.swift; path = FavouriteNewsListView.swift; sourceTree = "<group>"; };
		187124E12E2BBC7900549E4C /* FavouriteNewsViewModel.swift */ = {isa = PBXFileReference; lastKnownFileType = sourcecode.swift; path = FavouriteNewsViewModel.swift; sourceTree = "<group>"; };
		187124E32E2BC05F00549E4C /* ArticleEntity+Mapping.swift */ = {isa = PBXFileReference; lastKnownFileType = sourcecode.swift; path = "ArticleEntity+Mapping.swift"; sourceTree = "<group>"; };
		188C48932E22FE700084A52A /* news_app.app */ = {isa = PBXFileReference; explicitFileType = wrapper.application; includeInIndex = 0; path = news_app.app; sourceTree = BUILT_PRODUCTS_DIR; };
		188C48A32E22FE710084A52A /* news_appTests.xctest */ = {isa = PBXFileReference; explicitFileType = wrapper.cfbundle; includeInIndex = 0; path = news_appTests.xctest; sourceTree = BUILT_PRODUCTS_DIR; };
		188C48AD2E22FE710084A52A /* news_appUITests.xctest */ = {isa = PBXFileReference; explicitFileType = wrapper.cfbundle; includeInIndex = 0; path = news_appUITests.xctest; sourceTree = BUILT_PRODUCTS_DIR; };
		188C48C22E22FFB90084A52A /* NewsListView.swift */ = {isa = PBXFileReference; lastKnownFileType = sourcecode.swift; path = NewsListView.swift; sourceTree = "<group>"; };
		188C48C52E2305060084A52A /* NewsRepository.swift */ = {isa = PBXFileReference; lastKnownFileType = sourcecode.swift; path = NewsRepository.swift; sourceTree = "<group>"; };
		188C48C92E2320A20084A52A /* NewsReponse.swift */ = {isa = PBXFileReference; lastKnownFileType = sourcecode.swift; path = NewsReponse.swift; sourceTree = "<group>"; };
		188C48CB2E2320B90084A52A /* Article.swift */ = {isa = PBXFileReference; lastKnownFileType = sourcecode.swift; path = Article.swift; sourceTree = "<group>"; };
		188C48CD2E2320D50084A52A /* Source.swift */ = {isa = PBXFileReference; lastKnownFileType = sourcecode.swift; path = Source.swift; sourceTree = "<group>"; };
		189657082E255657003347E1 /* ArticleEntity+CoreDataClass.swift */ = {isa = PBXFileReference; lastKnownFileType = sourcecode.swift; path = "ArticleEntity+CoreDataClass.swift"; sourceTree = "<group>"; };
		189657092E255657003347E1 /* ArticleEntity+CoreDataProperties.swift */ = {isa = PBXFileReference; lastKnownFileType = sourcecode.swift; path = "ArticleEntity+CoreDataProperties.swift"; sourceTree = "<group>"; };
		18AD085D2E2424FE000BE5E3 /* NewsViewModel.swift */ = {isa = PBXFileReference; lastKnownFileType = sourcecode.swift; path = NewsViewModel.swift; sourceTree = "<group>"; };
		18B876092E3A798700A1045C /* .gitignore */ = {isa = PBXFileReference; lastKnownFileType = text; path = .gitignore; sourceTree = "<group>"; };
		18B8760B2E3A79B600A1045C /* Secrets.xcconfig */ = {isa = PBXFileReference; lastKnownFileType = text.xcconfig; path = Secrets.xcconfig; sourceTree = "<group>"; };
		18E491522E25B671008AA076 /* NewsDetailsViewModel.swift */ = {isa = PBXFileReference; lastKnownFileType = sourcecode.swift; path = NewsDetailsViewModel.swift; sourceTree = "<group>"; };
/* End PBXFileReference section */

/* Begin PBXFileSystemSynchronizedRootGroup section */
		188C48952E22FE700084A52A /* news_app */ = {
			isa = PBXFileSystemSynchronizedRootGroup;
			path = news_app;
			sourceTree = "<group>";
		};
		188C48A62E22FE710084A52A /* news_appTests */ = {
			isa = PBXFileSystemSynchronizedRootGroup;
			path = news_appTests;
			sourceTree = "<group>";
		};
		188C48B02E22FE710084A52A /* news_appUITests */ = {
			isa = PBXFileSystemSynchronizedRootGroup;
			path = news_appUITests;
			sourceTree = "<group>";
		};
/* End PBXFileSystemSynchronizedRootGroup section */

/* Begin PBXFrameworksBuildPhase section */
		188C48902E22FE700084A52A /* Frameworks */ = {
			isa = PBXFrameworksBuildPhase;
			buildActionMask = 2147483647;
			files = (
				1831B6122E36DCF60000228C /* RxCocoa in Frameworks */,
				1831B6102E36DC3F0000228C /* RxSwift in Frameworks */,
			);
			runOnlyForDeploymentPostprocessing = 0;
		};
		188C48A02E22FE710084A52A /* Frameworks */ = {
			isa = PBXFrameworksBuildPhase;
			buildActionMask = 2147483647;
			files = (
			);
			runOnlyForDeploymentPostprocessing = 0;
		};
		188C48AA2E22FE710084A52A /* Frameworks */ = {
			isa = PBXFrameworksBuildPhase;
			buildActionMask = 2147483647;
			files = (
			);
			runOnlyForDeploymentPostprocessing = 0;
		};
/* End PBXFrameworksBuildPhase section */

/* Begin PBXGroup section */
		1804CEBA2E24698900D80D2E /* Services */ = {
			isa = PBXGroup;
			children = (
				1804CEBB2E24699D00D80D2E /* NewsStorageService.swift */,
			);
			path = Services;
			sourceTree = "<group>";
		};
		1831B60E2E36DC2C0000228C /* Frameworks */ = {
			isa = PBXGroup;
			children = (
			);
			name = Frameworks;
			sourceTree = "<group>";
		};
		188C488A2E22FE700084A52A = {
			isa = PBXGroup;
			children = (
				1867ADD52E3ADFB700929981 /* Untitled.swift */,
				1867ADD12E3ACFE100929981 /* Info.plist */,
				18B8760B2E3A79B600A1045C /* Secrets.xcconfig */,
				18B876092E3A798700A1045C /* .gitignore */,
				189657082E255657003347E1 /* ArticleEntity+CoreDataClass.swift */,
				189657092E255657003347E1 /* ArticleEntity+CoreDataProperties.swift */,
				1804CEC32E246EF300D80D2E /* Model.xcdatamodeld */,
				1804CEBA2E24698900D80D2E /* Services */,
				188C48C72E2318FE0084A52A /* Models */,
				188C48C42E23049C0084A52A /* Repository */,
				188C48C02E22FF790084A52A /* Views */,
				188C48952E22FE700084A52A /* news_app */,
				188C48A62E22FE710084A52A /* news_appTests */,
				188C48B02E22FE710084A52A /* news_appUITests */,
				1831B60E2E36DC2C0000228C /* Frameworks */,
				188C48942E22FE700084A52A /* Products */,
			);
			sourceTree = "<group>";
		};
		188C48942E22FE700084A52A /* Products */ = {
			isa = PBXGroup;
			children = (
				188C48932E22FE700084A52A /* news_app.app */,
				188C48A32E22FE710084A52A /* news_appTests.xctest */,
				188C48AD2E22FE710084A52A /* news_appUITests.xctest */,
			);
			name = Products;
			sourceTree = "<group>";
		};
		188C48C02E22FF790084A52A /* Views */ = {
			isa = PBXGroup;
			children = (
				188C48C22E22FFB90084A52A /* NewsListView.swift */,
				1804CEB82E245F4200D80D2E /* NewsDetailView.swift */,
				187124DF2E2BB86600549E4C /* FavouriteNewsListView.swift */,
			);
			path = Views;
			sourceTree = "<group>";
		};
		188C48C42E23049C0084A52A /* Repository */ = {
			isa = PBXGroup;
			children = (
				188C48C52E2305060084A52A /* NewsRepository.swift */,
			);
			path = Repository;
			sourceTree = "<group>";
		};
		188C48C72E2318FE0084A52A /* Models */ = {
			isa = PBXGroup;
			children = (
				188C48C82E2320890084A52A /* Entities */,
				18AD085D2E2424FE000BE5E3 /* NewsViewModel.swift */,
				18E491522E25B671008AA076 /* NewsDetailsViewModel.swift */,
				187124E12E2BBC7900549E4C /* FavouriteNewsViewModel.swift */,
				1831B6132E36E1050000228C /* RxNewsViewModelAdapter.swift */,
			);
			path = Models;
			sourceTree = "<group>";
		};
		188C48C82E2320890084A52A /* Entities */ = {
			isa = PBXGroup;
			children = (
				1804CEBE2E2469DA00D80D2E /* ArticleModel.swift */,
				188C48C92E2320A20084A52A /* NewsReponse.swift */,
				188C48CB2E2320B90084A52A /* Article.swift */,
				188C48CD2E2320D50084A52A /* Source.swift */,
				187124E32E2BC05F00549E4C /* ArticleEntity+Mapping.swift */,
				1831B6172E36E2050000228C /* LocalizedErrorWrapper.swift */,
			);
			path = Entities;
			sourceTree = "<group>";
		};
/* End PBXGroup section */

/* Begin PBXNativeTarget section */
		188C48922E22FE700084A52A /* news_app */ = {
			isa = PBXNativeTarget;
			buildConfigurationList = 188C48B72E22FE710084A52A /* Build configuration list for PBXNativeTarget "news_app" */;
			buildPhases = (
				188C488F2E22FE700084A52A /* Sources */,
				188C48902E22FE700084A52A /* Frameworks */,
				188C48912E22FE700084A52A /* Resources */,
			);
			buildRules = (
			);
			dependencies = (
			);
			fileSystemSynchronizedGroups = (
				188C48952E22FE700084A52A /* news_app */,
			);
			name = news_app;
			packageProductDependencies = (
				1831B60F2E36DC3F0000228C /* RxSwift */,
				1831B6112E36DCF60000228C /* RxCocoa */,
			);
			productName = news_app;
			productReference = 188C48932E22FE700084A52A /* news_app.app */;
			productType = "com.apple.product-type.application";
		};
		188C48A22E22FE710084A52A /* news_appTests */ = {
			isa = PBXNativeTarget;
			buildConfigurationList = 188C48BA2E22FE710084A52A /* Build configuration list for PBXNativeTarget "news_appTests" */;
			buildPhases = (
				188C489F2E22FE710084A52A /* Sources */,
				188C48A02E22FE710084A52A /* Frameworks */,
				188C48A12E22FE710084A52A /* Resources */,
			);
			buildRules = (
			);
			dependencies = (
				188C48A52E22FE710084A52A /* PBXTargetDependency */,
			);
			fileSystemSynchronizedGroups = (
				188C48A62E22FE710084A52A /* news_appTests */,
			);
			name = news_appTests;
			packageProductDependencies = (
			);
			productName = news_appTests;
			productReference = 188C48A32E22FE710084A52A /* news_appTests.xctest */;
			productType = "com.apple.product-type.bundle.unit-test";
		};
		188C48AC2E22FE710084A52A /* news_appUITests */ = {
			isa = PBXNativeTarget;
			buildConfigurationList = 188C48BD2E22FE710084A52A /* Build configuration list for PBXNativeTarget "news_appUITests" */;
			buildPhases = (
				188C48A92E22FE710084A52A /* Sources */,
				188C48AA2E22FE710084A52A /* Frameworks */,
				188C48AB2E22FE710084A52A /* Resources */,
			);
			buildRules = (
			);
			dependencies = (
				188C48AF2E22FE710084A52A /* PBXTargetDependency */,
			);
			fileSystemSynchronizedGroups = (
				188C48B02E22FE710084A52A /* news_appUITests */,
			);
			name = news_appUITests;
			packageProductDependencies = (
			);
			productName = news_appUITests;
			productReference = 188C48AD2E22FE710084A52A /* news_appUITests.xctest */;
			productType = "com.apple.product-type.bundle.ui-testing";
		};
/* End PBXNativeTarget section */

/* Begin PBXProject section */
		188C488B2E22FE700084A52A /* Project object */ = {
			isa = PBXProject;
			attributes = {
				BuildIndependentTargetsInParallel = 1;
				LastSwiftUpdateCheck = 1610;
				LastUpgradeCheck = 1610;
				TargetAttributes = {
					188C48922E22FE700084A52A = {
						CreatedOnToolsVersion = 16.1;
					};
					188C48A22E22FE710084A52A = {
						CreatedOnToolsVersion = 16.1;
						TestTargetID = 188C48922E22FE700084A52A;
					};
					188C48AC2E22FE710084A52A = {
						CreatedOnToolsVersion = 16.1;
						TestTargetID = 188C48922E22FE700084A52A;
					};
				};
			};
			buildConfigurationList = 188C488E2E22FE700084A52A /* Build configuration list for PBXProject "news_app" */;
			developmentRegion = en;
			hasScannedForEncodings = 0;
			knownRegions = (
				en,
				Base,
			);
			mainGroup = 188C488A2E22FE700084A52A;
			minimizedProjectReferenceProxies = 1;
			packageReferences = (
				1832885D2E36D8A20083BAD5 /* XCRemoteSwiftPackageReference "RxSwift" */,
			);
			preferredProjectObjectVersion = 77;
			productRefGroup = 188C48942E22FE700084A52A /* Products */;
			projectDirPath = "";
			projectRoot = "";
			targets = (
				188C48922E22FE700084A52A /* news_app */,
				188C48A22E22FE710084A52A /* news_appTests */,
				188C48AC2E22FE710084A52A /* news_appUITests */,
			);
		};
/* End PBXProject section */

/* Begin PBXResourcesBuildPhase section */
		188C48912E22FE700084A52A /* Resources */ = {
			isa = PBXResourcesBuildPhase;
			buildActionMask = 2147483647;
			files = (
				18B8760C2E3A79C300A1045C /* Secrets.xcconfig in Resources */,
				18B8760A2E3A798B00A1045C /* .gitignore in Resources */,
			);
			runOnlyForDeploymentPostprocessing = 0;
		};
		188C48A12E22FE710084A52A /* Resources */ = {
			isa = PBXResourcesBuildPhase;
			buildActionMask = 2147483647;
			files = (
			);
			runOnlyForDeploymentPostprocessing = 0;
		};
		188C48AB2E22FE710084A52A /* Resources */ = {
			isa = PBXResourcesBuildPhase;
			buildActionMask = 2147483647;
			files = (
			);
			runOnlyForDeploymentPostprocessing = 0;
		};
/* End PBXResourcesBuildPhase section */

/* Begin PBXSourcesBuildPhase section */
		188C488F2E22FE700084A52A /* Sources */ = {
			isa = PBXSourcesBuildPhase;
			buildActionMask = 2147483647;
			files = (
				187124E22E2BBC7900549E4C /* FavouriteNewsViewModel.swift in Sources */,
				1804CEBF2E2469DA00D80D2E /* ArticleModel.swift in Sources */,
				1896570A2E255657003347E1 /* ArticleEntity+CoreDataClass.swift in Sources */,
				1896570B2E255657003347E1 /* ArticleEntity+CoreDataProperties.swift in Sources */,
				188C48C62E2305060084A52A /* NewsRepository.swift in Sources */,
				1804CEB92E245F4200D80D2E /* NewsDetailView.swift in Sources */,
				1804CEBC2E24699D00D80D2E /* NewsStorageService.swift in Sources */,
				1867ADD62E3ADFB800929981 /* Untitled.swift in Sources */,
				188C48CC2E2320B90084A52A /* Article.swift in Sources */,
				188C48CE2E2320D50084A52A /* Source.swift in Sources */,
				1831B6142E36E1050000228C /* RxNewsViewModelAdapter.swift in Sources */,
				1831B6182E36E2050000228C /* LocalizedErrorWrapper.swift in Sources */,
				188C48CA2E2320A20084A52A /* NewsReponse.swift in Sources */,
				188C48C32E22FFB90084A52A /* NewsListView.swift in Sources */,
				18AD085E2E2424FE000BE5E3 /* NewsViewModel.swift in Sources */,
				1804CEC52E246EF300D80D2E /* Model.xcdatamodeld in Sources */,
				18E491532E25B671008AA076 /* NewsDetailsViewModel.swift in Sources */,
				187124E42E2BC05F00549E4C /* ArticleEntity+Mapping.swift in Sources */,
				187124E02E2BB86600549E4C /* FavouriteNewsListView.swift in Sources */,
			);
			runOnlyForDeploymentPostprocessing = 0;
		};
		188C489F2E22FE710084A52A /* Sources */ = {
			isa = PBXSourcesBuildPhase;
			buildActionMask = 2147483647;
			files = (
			);
			runOnlyForDeploymentPostprocessing = 0;
		};
		188C48A92E22FE710084A52A /* Sources */ = {
			isa = PBXSourcesBuildPhase;
			buildActionMask = 2147483647;
			files = (
			);
			runOnlyForDeploymentPostprocessing = 0;
		};
/* End PBXSourcesBuildPhase section */

/* Begin PBXTargetDependency section */
		188C48A52E22FE710084A52A /* PBXTargetDependency */ = {
			isa = PBXTargetDependency;
			target = 188C48922E22FE700084A52A /* news_app */;
			targetProxy = 188C48A42E22FE710084A52A /* PBXContainerItemProxy */;
		};
		188C48AF2E22FE710084A52A /* PBXTargetDependency */ = {
			isa = PBXTargetDependency;
			target = 188C48922E22FE700084A52A /* news_app */;
			targetProxy = 188C48AE2E22FE710084A52A /* PBXContainerItemProxy */;
		};
/* End PBXTargetDependency section */

/* Begin XCBuildConfiguration section */
		188C48B52E22FE710084A52A /* Debug */ = {
			isa = XCBuildConfiguration;
			baseConfigurationReference = 18B8760B2E3A79B600A1045C /* Secrets.xcconfig */;
			buildSettings = {
				ALWAYS_SEARCH_USER_PATHS = NO;
				ASSETCATALOG_COMPILER_GENERATE_SWIFT_ASSET_SYMBOL_EXTENSIONS = YES;
				CLANG_ANALYZER_NONNULL = YES;
				CLANG_ANALYZER_NUMBER_OBJECT_CONVERSION = YES_AGGRESSIVE;
				CLANG_CXX_LANGUAGE_STANDARD = "gnu++20";
				CLANG_ENABLE_MODULES = YES;
				CLANG_ENABLE_OBJC_ARC = YES;
				CLANG_ENABLE_OBJC_WEAK = YES;
				CLANG_WARN_BLOCK_CAPTURE_AUTORELEASING = YES;
				CLANG_WARN_BOOL_CONVERSION = YES;
				CLANG_WARN_COMMA = YES;
				CLANG_WARN_CONSTANT_CONVERSION = YES;
				CLANG_WARN_DEPRECATED_OBJC_IMPLEMENTATIONS = YES;
				CLANG_WARN_DIRECT_OBJC_ISA_USAGE = YES_ERROR;
				CLANG_WARN_DOCUMENTATION_COMMENTS = YES;
				CLANG_WARN_EMPTY_BODY = YES;
				CLANG_WARN_ENUM_CONVERSION = YES;
				CLANG_WARN_INFINITE_RECURSION = YES;
				CLANG_WARN_INT_CONVERSION = YES;
				CLANG_WARN_NON_LITERAL_NULL_CONVERSION = YES;
				CLANG_WARN_OBJC_IMPLICIT_RETAIN_SELF = YES;
				CLANG_WARN_OBJC_LITERAL_CONVERSION = YES;
				CLANG_WARN_OBJC_ROOT_CLASS = YES_ERROR;
				CLANG_WARN_QUOTED_INCLUDE_IN_FRAMEWORK_HEADER = YES;
				CLANG_WARN_RANGE_LOOP_ANALYSIS = YES;
				CLANG_WARN_STRICT_PROTOTYPES = YES;
				CLANG_WARN_SUSPICIOUS_MOVE = YES;
				CLANG_WARN_UNGUARDED_AVAILABILITY = YES_AGGRESSIVE;
				CLANG_WARN_UNREACHABLE_CODE = YES;
				CLANG_WARN__DUPLICATE_METHOD_MATCH = YES;
				COPY_PHASE_STRIP = NO;
				DEBUG_INFORMATION_FORMAT = dwarf;
				ENABLE_STRICT_OBJC_MSGSEND = YES;
				ENABLE_TESTABILITY = YES;
				ENABLE_USER_SCRIPT_SANDBOXING = YES;
				GCC_C_LANGUAGE_STANDARD = gnu17;
				GCC_DYNAMIC_NO_PIC = NO;
				GCC_NO_COMMON_BLOCKS = YES;
				GCC_OPTIMIZATION_LEVEL = 0;
				GCC_PREPROCESSOR_DEFINITIONS = (
					"DEBUG=1",
					"$(inherited)",
				);
				GCC_WARN_64_TO_32_BIT_CONVERSION = YES;
				GCC_WARN_ABOUT_RETURN_TYPE = YES_ERROR;
				GCC_WARN_UNDECLARED_SELECTOR = YES;
				GCC_WARN_UNINITIALIZED_AUTOS = YES_AGGRESSIVE;
				GCC_WARN_UNUSED_FUNCTION = YES;
				GCC_WARN_UNUSED_VARIABLE = YES;
				IPHONEOS_DEPLOYMENT_TARGET = 18.1;
				LOCALIZATION_PREFERS_STRING_CATALOGS = YES;
				MTL_ENABLE_DEBUG_INFO = INCLUDE_SOURCE;
				MTL_FAST_MATH = YES;
				ONLY_ACTIVE_ARCH = YES;
				SDKROOT = iphoneos;
				SWIFT_ACTIVE_COMPILATION_CONDITIONS = "DEBUG $(inherited)";
				SWIFT_OPTIMIZATION_LEVEL = "-Onone";
			};
			name = Debug;
		};
		188C48B62E22FE710084A52A /* Release */ = {
			isa = XCBuildConfiguration;
			baseConfigurationReference = 18B8760B2E3A79B600A1045C /* Secrets.xcconfig */;
			buildSettings = {
				ALWAYS_SEARCH_USER_PATHS = NO;
				ASSETCATALOG_COMPILER_GENERATE_SWIFT_ASSET_SYMBOL_EXTENSIONS = YES;
				CLANG_ANALYZER_NONNULL = YES;
				CLANG_ANALYZER_NUMBER_OBJECT_CONVERSION = YES_AGGRESSIVE;
				CLANG_CXX_LANGUAGE_STANDARD = "gnu++20";
				CLANG_ENABLE_MODULES = YES;
				CLANG_ENABLE_OBJC_ARC = YES;
				CLANG_ENABLE_OBJC_WEAK = YES;
				CLANG_WARN_BLOCK_CAPTURE_AUTORELEASING = YES;
				CLANG_WARN_BOOL_CONVERSION = YES;
				CLANG_WARN_COMMA = YES;
				CLANG_WARN_CONSTANT_CONVERSION = YES;
				CLANG_WARN_DEPRECATED_OBJC_IMPLEMENTATIONS = YES;
				CLANG_WARN_DIRECT_OBJC_ISA_USAGE = YES_ERROR;
				CLANG_WARN_DOCUMENTATION_COMMENTS = YES;
				CLANG_WARN_EMPTY_BODY = YES;
				CLANG_WARN_ENUM_CONVERSION = YES;
				CLANG_WARN_INFINITE_RECURSION = YES;
				CLANG_WARN_INT_CONVERSION = YES;
				CLANG_WARN_NON_LITERAL_NULL_CONVERSION = YES;
				CLANG_WARN_OBJC_IMPLICIT_RETAIN_SELF = YES;
				CLANG_WARN_OBJC_LITERAL_CONVERSION = YES;
				CLANG_WARN_OBJC_ROOT_CLASS = YES_ERROR;
				CLANG_WARN_QUOTED_INCLUDE_IN_FRAMEWORK_HEADER = YES;
				CLANG_WARN_RANGE_LOOP_ANALYSIS = YES;
				CLANG_WARN_STRICT_PROTOTYPES = YES;
				CLANG_WARN_SUSPICIOUS_MOVE = YES;
				CLANG_WARN_UNGUARDED_AVAILABILITY = YES_AGGRESSIVE;
				CLANG_WARN_UNREACHABLE_CODE = YES;
				CLANG_WARN__DUPLICATE_METHOD_MATCH = YES;
				COPY_PHASE_STRIP = NO;
				DEBUG_INFORMATION_FORMAT = "dwarf-with-dsym";
				ENABLE_NS_ASSERTIONS = NO;
				ENABLE_STRICT_OBJC_MSGSEND = YES;
				ENABLE_USER_SCRIPT_SANDBOXING = YES;
				GCC_C_LANGUAGE_STANDARD = gnu17;
				GCC_NO_COMMON_BLOCKS = YES;
				GCC_WARN_64_TO_32_BIT_CONVERSION = YES;
				GCC_WARN_ABOUT_RETURN_TYPE = YES_ERROR;
				GCC_WARN_UNDECLARED_SELECTOR = YES;
				GCC_WARN_UNINITIALIZED_AUTOS = YES_AGGRESSIVE;
				GCC_WARN_UNUSED_FUNCTION = YES;
				GCC_WARN_UNUSED_VARIABLE = YES;
				IPHONEOS_DEPLOYMENT_TARGET = 18.1;
				LOCALIZATION_PREFERS_STRING_CATALOGS = YES;
				MTL_ENABLE_DEBUG_INFO = NO;
				MTL_FAST_MATH = YES;
				SDKROOT = iphoneos;
				SWIFT_COMPILATION_MODE = wholemodule;
				VALIDATE_PRODUCT = YES;
			};
			name = Release;
		};
		188C48B82E22FE710084A52A /* Debug */ = {
			isa = XCBuildConfiguration;
			baseConfigurationReference = 18B8760B2E3A79B600A1045C /* Secrets.xcconfig */;
			buildSettings = {
				ASSETCATALOG_COMPILER_APPICON_NAME = AppIcon;
				ASSETCATALOG_COMPILER_GLOBAL_ACCENT_COLOR_NAME = AccentColor;
				CODE_SIGN_STYLE = Automatic;
				CURRENT_PROJECT_VERSION = 1;
				DEVELOPMENT_ASSET_PATHS = "\"news_app/Preview Content\"";
				ENABLE_PREVIEWS = YES;
				GENERATE_INFOPLIST_FILE = NO;
				INFOPLIST_FILE = Info.plist;
				INFOPLIST_KEY_UIApplicationSceneManifest_Generation = YES;
				INFOPLIST_KEY_UIApplicationSupportsIndirectInputEvents = YES;
				INFOPLIST_KEY_UILaunchScreen_Generation = YES;
				INFOPLIST_KEY_UISupportedInterfaceOrientations_iPad = "UIInterfaceOrientationPortrait UIInterfaceOrientationPortraitUpsideDown UIInterfaceOrientationLandscapeLeft UIInterfaceOrientationLandscapeRight";
				INFOPLIST_KEY_UISupportedInterfaceOrientations_iPhone = "UIInterfaceOrientationPortrait UIInterfaceOrientationLandscapeLeft UIInterfaceOrientationLandscapeRight";
				LD_RUNPATH_SEARCH_PATHS = (
					"$(inherited)",
					"@executable_path/Frameworks",
				);
				MARKETING_VERSION = 1.0;
				PRODUCT_BUNDLE_IDENTIFIER = "test.news-app";
				PRODUCT_NAME = "$(TARGET_NAME)";
				SWIFT_EMIT_LOC_STRINGS = YES;
				SWIFT_VERSION = 5.0;
				TARGETED_DEVICE_FAMILY = "1,2";
			};
			name = Debug;
		};
		188C48B92E22FE710084A52A /* Release */ = {
			isa = XCBuildConfiguration;
			baseConfigurationReference = 18B8760B2E3A79B600A1045C /* Secrets.xcconfig */;
			buildSettings = {
				ASSETCATALOG_COMPILER_APPICON_NAME = AppIcon;
				ASSETCATALOG_COMPILER_GLOBAL_ACCENT_COLOR_NAME = AccentColor;
				CODE_SIGN_STYLE = Automatic;
				CURRENT_PROJECT_VERSION = 1;
				DEVELOPMENT_ASSET_PATHS = "\"news_app/Preview Content\"";
				ENABLE_PREVIEWS = YES;
				GENERATE_INFOPLIST_FILE = NO;
				INFOPLIST_FILE = Info.plist;
				INFOPLIST_KEY_UIApplicationSceneManifest_Generation = YES;
				INFOPLIST_KEY_UIApplicationSupportsIndirectInputEvents = YES;
				INFOPLIST_KEY_UILaunchScreen_Generation = YES;
				INFOPLIST_KEY_UISupportedInterfaceOrientations_iPad = "UIInterfaceOrientationPortrait UIInterfaceOrientationPortraitUpsideDown UIInterfaceOrientationLandscapeLeft UIInterfaceOrientationLandscapeRight";
				INFOPLIST_KEY_UISupportedInterfaceOrientations_iPhone = "UIInterfaceOrientationPortrait UIInterfaceOrientationLandscapeLeft UIInterfaceOrientationLandscapeRight";
				LD_RUNPATH_SEARCH_PATHS = (
					"$(inherited)",
					"@executable_path/Frameworks",
				);
				MARKETING_VERSION = 1.0;
				PRODUCT_BUNDLE_IDENTIFIER = "test.news-app";
				PRODUCT_NAME = "$(TARGET_NAME)";
				SWIFT_EMIT_LOC_STRINGS = YES;
				SWIFT_VERSION = 5.0;
				TARGETED_DEVICE_FAMILY = "1,2";
			};
			name = Release;
		};
		188C48BB2E22FE710084A52A /* Debug */ = {
			isa = XCBuildConfiguration;
			buildSettings = {
				BUNDLE_LOADER = "$(TEST_HOST)";
				CODE_SIGN_STYLE = Automatic;
				CURRENT_PROJECT_VERSION = 1;
				GENERATE_INFOPLIST_FILE = YES;
				IPHONEOS_DEPLOYMENT_TARGET = 18.1;
				MARKETING_VERSION = 1.0;
				PRODUCT_BUNDLE_IDENTIFIER = "test.news-appTests";
				PRODUCT_NAME = "$(TARGET_NAME)";
				SWIFT_EMIT_LOC_STRINGS = NO;
				SWIFT_VERSION = 5.0;
				TARGETED_DEVICE_FAMILY = "1,2";
				TEST_HOST = "$(BUILT_PRODUCTS_DIR)/news_app.app/$(BUNDLE_EXECUTABLE_FOLDER_PATH)/news_app";
			};
			name = Debug;
		};
		188C48BC2E22FE710084A52A /* Release */ = {
			isa = XCBuildConfiguration;
			buildSettings = {
				BUNDLE_LOADER = "$(TEST_HOST)";
				CODE_SIGN_STYLE = Automatic;
				CURRENT_PROJECT_VERSION = 1;
				GENERATE_INFOPLIST_FILE = YES;
				IPHONEOS_DEPLOYMENT_TARGET = 18.1;
				MARKETING_VERSION = 1.0;
				PRODUCT_BUNDLE_IDENTIFIER = "test.news-appTests";
				PRODUCT_NAME = "$(TARGET_NAME)";
				SWIFT_EMIT_LOC_STRINGS = NO;
				SWIFT_VERSION = 5.0;
				TARGETED_DEVICE_FAMILY = "1,2";
				TEST_HOST = "$(BUILT_PRODUCTS_DIR)/news_app.app/$(BUNDLE_EXECUTABLE_FOLDER_PATH)/news_app";
			};
			name = Release;
		};
		188C48BE2E22FE710084A52A /* Debug */ = {
			isa = XCBuildConfiguration;
			buildSettings = {
				CODE_SIGN_STYLE = Automatic;
				CURRENT_PROJECT_VERSION = 1;
				GENERATE_INFOPLIST_FILE = YES;
				MARKETING_VERSION = 1.0;
				PRODUCT_BUNDLE_IDENTIFIER = "test.news-appUITests";
				PRODUCT_NAME = "$(TARGET_NAME)";
				SWIFT_EMIT_LOC_STRINGS = NO;
				SWIFT_VERSION = 5.0;
				TARGETED_DEVICE_FAMILY = "1,2";
				TEST_TARGET_NAME = news_app;
			};
			name = Debug;
		};
		188C48BF2E22FE710084A52A /* Release */ = {
			isa = XCBuildConfiguration;
			buildSettings = {
				CODE_SIGN_STYLE = Automatic;
				CURRENT_PROJECT_VERSION = 1;
				GENERATE_INFOPLIST_FILE = YES;
				MARKETING_VERSION = 1.0;
				PRODUCT_BUNDLE_IDENTIFIER = "test.news-appUITests";
				PRODUCT_NAME = "$(TARGET_NAME)";
				SWIFT_EMIT_LOC_STRINGS = NO;
				SWIFT_VERSION = 5.0;
				TARGETED_DEVICE_FAMILY = "1,2";
				TEST_TARGET_NAME = news_app;
			};
			name = Release;
		};
/* End XCBuildConfiguration section */

/* Begin XCConfigurationList section */
		188C488E2E22FE700084A52A /* Build configuration list for PBXProject "news_app" */ = {
			isa = XCConfigurationList;
			buildConfigurations = (
				188C48B52E22FE710084A52A /* Debug */,
				188C48B62E22FE710084A52A /* Release */,
			);
			defaultConfigurationIsVisible = 0;
			defaultConfigurationName = Release;
		};
		188C48B72E22FE710084A52A /* Build configuration list for PBXNativeTarget "news_app" */ = {
			isa = XCConfigurationList;
			buildConfigurations = (
				188C48B82E22FE710084A52A /* Debug */,
				188C48B92E22FE710084A52A /* Release */,
			);
			defaultConfigurationIsVisible = 0;
			defaultConfigurationName = Release;
		};
		188C48BA2E22FE710084A52A /* Build configuration list for PBXNativeTarget "news_appTests" */ = {
			isa = XCConfigurationList;
			buildConfigurations = (
				188C48BB2E22FE710084A52A /* Debug */,
				188C48BC2E22FE710084A52A /* Release */,
			);
			defaultConfigurationIsVisible = 0;
			defaultConfigurationName = Release;
		};
		188C48BD2E22FE710084A52A /* Build configuration list for PBXNativeTarget "news_appUITests" */ = {
			isa = XCConfigurationList;
			buildConfigurations = (
				188C48BE2E22FE710084A52A /* Debug */,
				188C48BF2E22FE710084A52A /* Release */,
			);
			defaultConfigurationIsVisible = 0;
			defaultConfigurationName = Release;
		};
/* End XCConfigurationList section */

/* Begin XCRemoteSwiftPackageReference section */
		1832885D2E36D8A20083BAD5 /* XCRemoteSwiftPackageReference "RxSwift" */ = {
			isa = XCRemoteSwiftPackageReference;
			repositoryURL = "https://github.com/ReactiveX/RxSwift";
			requirement = {
				kind = upToNextMajorVersion;
				minimumVersion = 6.9.0;
			};
		};
/* End XCRemoteSwiftPackageReference section */

/* Begin XCSwiftPackageProductDependency section */
		1831B60F2E36DC3F0000228C /* RxSwift */ = {
			isa = XCSwiftPackageProductDependency;
			package = 1832885D2E36D8A20083BAD5 /* XCRemoteSwiftPackageReference "RxSwift" */;
			productName = RxSwift;
		};
		1831B6112E36DCF60000228C /* RxCocoa */ = {
			isa = XCSwiftPackageProductDependency;
			package = 1832885D2E36D8A20083BAD5 /* XCRemoteSwiftPackageReference "RxSwift" */;
			productName = RxCocoa;
		};
/* End XCSwiftPackageProductDependency section */

/* Begin XCVersionGroup section */
		1804CEC32E246EF300D80D2E /* Model.xcdatamodeld */ = {
			isa = XCVersionGroup;
			children = (
				1804CEC42E246EF300D80D2E /* Model.xcdatamodel */,
			);
			currentVersion = 1804CEC42E246EF300D80D2E /* Model.xcdatamodel */;
			path = Model.xcdatamodeld;
			sourceTree = "<group>";
			versionGroupType = wrapper.xcdatamodel;
		};
/* End XCVersionGroup section */
	};
	rootObject = 188C488B2E22FE700084A52A /* Project object */;
}
